// !$*UTF8*$!
{
	archiveVersion = 1;
	classes = {
	};
	objectVersion = 50;
	objects = {

/* Begin PBXBuildFile section */
		6A3A90D0250FB65400C5875F /* AppDelegate.swift in Sources */ = {isa = PBXBuildFile; fileRef = 6A3A90CF250FB65400C5875F /* AppDelegate.swift */; };
		6A3A90D2250FB65400C5875F /* SceneDelegate.swift in Sources */ = {isa = PBXBuildFile; fileRef = 6A3A90D1250FB65400C5875F /* SceneDelegate.swift */; };
		6A3A90D4250FB65400C5875F /* ViewController.swift in Sources */ = {isa = PBXBuildFile; fileRef = 6A3A90D3250FB65400C5875F /* ViewController.swift */; };
		6A3A90D7250FB65400C5875F /* Main.storyboard in Resources */ = {isa = PBXBuildFile; fileRef = 6A3A90D5250FB65400C5875F /* Main.storyboard */; };
		6A3A90D9250FB65600C5875F /* Assets.xcassets in Resources */ = {isa = PBXBuildFile; fileRef = 6A3A90D8250FB65600C5875F /* Assets.xcassets */; };
		6A3A90DC250FB65600C5875F /* LaunchScreen.storyboard in Resources */ = {isa = PBXBuildFile; fileRef = 6A3A90DA250FB65600C5875F /* LaunchScreen.storyboard */; };
		6A3A90E7250FB65600C5875F /* tipCalculatorTests.swift in Sources */ = {isa = PBXBuildFile; fileRef = 6A3A90E6250FB65600C5875F /* tipCalculatorTests.swift */; };
		6A3A90F2250FB65600C5875F /* tipCalculatorUITests.swift in Sources */ = {isa = PBXBuildFile; fileRef = 6A3A90F1250FB65600C5875F /* tipCalculatorUITests.swift */; };
/* End PBXBuildFile section */

/* Begin PBXContainerItemProxy section */
		6A3A90E3250FB65600C5875F /* PBXContainerItemProxy */ = {
			isa = PBXContainerItemProxy;
			containerPortal = 6A3A90C4250FB65300C5875F /* Project object */;
			proxyType = 1;
			remoteGlobalIDString = 6A3A90CB250FB65400C5875F;
			remoteInfo = tipCalculator;
		};
		6A3A90EE250FB65600C5875F /* PBXContainerItemProxy */ = {
			isa = PBXContainerItemProxy;
			containerPortal = 6A3A90C4250FB65300C5875F /* Project object */;
			proxyType = 1;
			remoteGlobalIDString = 6A3A90CB250FB65400C5875F;
			remoteInfo = tipCalculator;
		};
/* End PBXContainerItemProxy section */

/* Begin PBXFileReference section */
		6A3A90CC250FB65400C5875F /* tipCalculator.app */ = {isa = PBXFileReference; explicitFileType = wrapper.application; includeInIndex = 0; path = tipCalculator.app; sourceTree = BUILT_PRODUCTS_DIR; };
		6A3A90CF250FB65400C5875F /* AppDelegate.swift */ = {isa = PBXFileReference; lastKnownFileType = sourcecode.swift; path = AppDelegate.swift; sourceTree = "<group>"; };
		6A3A90D1250FB65400C5875F /* SceneDelegate.swift */ = {isa = PBXFileReference; lastKnownFileType = sourcecode.swift; path = SceneDelegate.swift; sourceTree = "<group>"; };
		6A3A90D3250FB65400C5875F /* ViewController.swift */ = {isa = PBXFileReference; lastKnownFileType = sourcecode.swift; path = ViewController.swift; sourceTree = "<group>"; };
		6A3A90D6250FB65400C5875F /* Base */ = {isa = PBXFileReference; lastKnownFileType = file.storyboard; name = Base; path = Base.lproj/Main.storyboard; sourceTree = "<group>"; };
		6A3A90D8250FB65600C5875F /* Assets.xcassets */ = {isa = PBXFileReference; lastKnownFileType = folder.assetcatalog; path = Assets.xcassets; sourceTree = "<group>"; };
		6A3A90DB250FB65600C5875F /* Base */ = {isa = PBXFileReference; lastKnownFileType = file.storyboard; name = Base; path = Base.lproj/LaunchScreen.storyboard; sourceTree = "<group>"; };
		6A3A90DD250FB65600C5875F /* Info.plist */ = {isa = PBXFileReference; lastKnownFileType = text.plist.xml; path = Info.plist; sourceTree = "<group>"; };
		6A3A90E2250FB65600C5875F /* tipCalculatorTests.xctest */ = {isa = PBXFileReference; explicitFileType = wrapper.cfbundle; includeInIndex = 0; path = tipCalculatorTests.xctest; sourceTree = BUILT_PRODUCTS_DIR; };
		6A3A90E6250FB65600C5875F /* tipCalculatorTests.swift */ = {isa = PBXFileReference; lastKnownFileType = sourcecode.swift; path = tipCalculatorTests.swift; sourceTree = "<group>"; };
		6A3A90E8250FB65600C5875F /* Info.plist */ = {isa = PBXFileReference; lastKnownFileType = text.plist.xml; path = Info.plist; sourceTree = "<group>"; };
		6A3A90ED250FB65600C5875F /* tipCalculatorUITests.xctest */ = {isa = PBXFileReference; explicitFileType = wrapper.cfbundle; includeInIndex = 0; path = tipCalculatorUITests.xctest; sourceTree = BUILT_PRODUCTS_DIR; };
		6A3A90F1250FB65600C5875F /* tipCalculatorUITests.swift */ = {isa = PBXFileReference; lastKnownFileType = sourcecode.swift; path = tipCalculatorUITests.swift; sourceTree = "<group>"; };
		6A3A90F3250FB65600C5875F /* Info.plist */ = {isa = PBXFileReference; lastKnownFileType = text.plist.xml; path = Info.plist; sourceTree = "<group>"; };
/* End PBXFileReference section */

/* Begin PBXFrameworksBuildPhase section */
		6A3A90C9250FB65400C5875F /* Frameworks */ = {
			isa = PBXFrameworksBuildPhase;
			buildActionMask = 2147483647;
			files = (
			);
			runOnlyForDeploymentPostprocessing = 0;
		};
		6A3A90DF250FB65600C5875F /* Frameworks */ = {
			isa = PBXFrameworksBuildPhase;
			buildActionMask = 2147483647;
			files = (
			);
			runOnlyForDeploymentPostprocessing = 0;
		};
		6A3A90EA250FB65600C5875F /* Frameworks */ = {
			isa = PBXFrameworksBuildPhase;
			buildActionMask = 2147483647;
			files = (
			);
			runOnlyForDeploymentPostprocessing = 0;
		};
/* End PBXFrameworksBuildPhase section */

/* Begin PBXGroup section */
		6A3A90C3250FB65300C5875F = {
			isa = PBXGroup;
			children = (
				6A3A90CE250FB65400C5875F /* tipCalculator */,
				6A3A90E5250FB65600C5875F /* tipCalculatorTests */,
				6A3A90F0250FB65600C5875F /* tipCalculatorUITests */,
				6A3A90CD250FB65400C5875F /* Products */,
			);
			sourceTree = "<group>";
		};
		6A3A90CD250FB65400C5875F /* Products */ = {
			isa = PBXGroup;
			children = (
				6A3A90CC250FB65400C5875F /* tipCalculator.app */,
				6A3A90E2250FB65600C5875F /* tipCalculatorTests.xctest */,
				6A3A90ED250FB65600C5875F /* tipCalculatorUITests.xctest */,
			);
			name = Products;
			sourceTree = "<group>";
		};
		6A3A90CE250FB65400C5875F /* tipCalculator */ = {
			isa = PBXGroup;
			children = (
				6A3A90CF250FB65400C5875F /* AppDelegate.swift */,
				6A3A90D1250FB65400C5875F /* SceneDelegate.swift */,
				6A3A90D3250FB65400C5875F /* ViewController.swift */,
				6A3A90D5250FB65400C5875F /* Main.storyboard */,
				6A3A90D8250FB65600C5875F /* Assets.xcassets */,
				6A3A90DA250FB65600C5875F /* LaunchScreen.storyboard */,
				6A3A90DD250FB65600C5875F /* Info.plist */,
			);
			path = tipCalculator;
			sourceTree = "<group>";
		};
		6A3A90E5250FB65600C5875F /* tipCalculatorTests */ = {
			isa = PBXGroup;
			children = (
				6A3A90E6250FB65600C5875F /* tipCalculatorTests.swift */,
				6A3A90E8250FB65600C5875F /* Info.plist */,
			);
			path = tipCalculatorTests;
			sourceTree = "<group>";
		};
		6A3A90F0250FB65600C5875F /* tipCalculatorUITests */ = {
			isa = PBXGroup;
			children = (
				6A3A90F1250FB65600C5875F /* tipCalculatorUITests.swift */,
				6A3A90F3250FB65600C5875F /* Info.plist */,
			);
			path = tipCalculatorUITests;
			sourceTree = "<group>";
		};
/* End PBXGroup section */

/* Begin PBXNativeTarget section */
		6A3A90CB250FB65400C5875F /* tipCalculator */ = {
			isa = PBXNativeTarget;
			buildConfigurationList = 6A3A90F6250FB65600C5875F /* Build configuration list for PBXNativeTarget "tipCalculator" */;
			buildPhases = (
				6A3A90C8250FB65400C5875F /* Sources */,
				6A3A90C9250FB65400C5875F /* Frameworks */,
				6A3A90CA250FB65400C5875F /* Resources */,
			);
			buildRules = (
			);
			dependencies = (
			);
			name = tipCalculator;
			productName = tipCalculator;
			productReference = 6A3A90CC250FB65400C5875F /* tipCalculator.app */;
			productType = "com.apple.product-type.application";
		};
		6A3A90E1250FB65600C5875F /* tipCalculatorTests */ = {
			isa = PBXNativeTarget;
			buildConfigurationList = 6A3A90F9250FB65600C5875F /* Build configuration list for PBXNativeTarget "tipCalculatorTests" */;
			buildPhases = (
				6A3A90DE250FB65600C5875F /* Sources */,
				6A3A90DF250FB65600C5875F /* Frameworks */,
				6A3A90E0250FB65600C5875F /* Resources */,
			);
			buildRules = (
			);
			dependencies = (
				6A3A90E4250FB65600C5875F /* PBXTargetDependency */,
			);
			name = tipCalculatorTests;
			productName = tipCalculatorTests;
			productReference = 6A3A90E2250FB65600C5875F /* tipCalculatorTests.xctest */;
			productType = "com.apple.product-type.bundle.unit-test";
		};
		6A3A90EC250FB65600C5875F /* tipCalculatorUITests */ = {
			isa = PBXNativeTarget;
			buildConfigurationList = 6A3A90FC250FB65600C5875F /* Build configuration list for PBXNativeTarget "tipCalculatorUITests" */;
			buildPhases = (
				6A3A90E9250FB65600C5875F /* Sources */,
				6A3A90EA250FB65600C5875F /* Frameworks */,
				6A3A90EB250FB65600C5875F /* Resources */,
			);
			buildRules = (
			);
			dependencies = (
				6A3A90EF250FB65600C5875F /* PBXTargetDependency */,
			);
			name = tipCalculatorUITests;
			productName = tipCalculatorUITests;
			productReference = 6A3A90ED250FB65600C5875F /* tipCalculatorUITests.xctest */;
			productType = "com.apple.product-type.bundle.ui-testing";
		};
/* End PBXNativeTarget section */

/* Begin PBXProject section */
		6A3A90C4250FB65300C5875F /* Project object */ = {
			isa = PBXProject;
			attributes = {
				LastSwiftUpdateCheck = 1130;
				LastUpgradeCheck = 1130;
				ORGANIZATIONNAME = codepath;
				TargetAttributes = {
					6A3A90CB250FB65400C5875F = {
						CreatedOnToolsVersion = 11.3;
					};
					6A3A90E1250FB65600C5875F = {
						CreatedOnToolsVersion = 11.3;
						TestTargetID = 6A3A90CB250FB65400C5875F;
					};
					6A3A90EC250FB65600C5875F = {
						CreatedOnToolsVersion = 11.3;
						TestTargetID = 6A3A90CB250FB65400C5875F;
					};
				};
			};
			buildConfigurationList = 6A3A90C7250FB65300C5875F /* Build configuration list for PBXProject "tipCalculator" */;
			compatibilityVersion = "Xcode 9.3";
			developmentRegion = en;
			hasScannedForEncodings = 0;
			knownRegions = (
				en,
				Base,
			);
			mainGroup = 6A3A90C3250FB65300C5875F;
			productRefGroup = 6A3A90CD250FB65400C5875F /* Products */;
			projectDirPath = "";
			projectRoot = "";
			targets = (
				6A3A90CB250FB65400C5875F /* tipCalculator */,
				6A3A90E1250FB65600C5875F /* tipCalculatorTests */,
				6A3A90EC250FB65600C5875F /* tipCalculatorUITests */,
			);
		};
/* End PBXProject section */

/* Begin PBXResourcesBuildPhase section */
		6A3A90CA250FB65400C5875F /* Resources */ = {
			isa = PBXResourcesBuildPhase;
			buildActionMask = 2147483647;
			files = (
				6A3A90DC250FB65600C5875F /* LaunchScreen.storyboard in Resources */,
				6A3A90D9250FB65600C5875F /* Assets.xcassets in Resources */,
				6A3A90D7250FB65400C5875F /* Main.storyboard in Resources */,
			);
			runOnlyForDeploymentPostprocessing = 0;
		};
		6A3A90E0250FB65600C5875F /* Resources */ = {
			isa = PBXResourcesBuildPhase;
			buildActionMask = 2147483647;
			files = (
			);
			runOnlyForDeploymentPostprocessing = 0;
		};
		6A3A90EB250FB65600C5875F /* Resources */ = {
			isa = PBXResourcesBuildPhase;
			buildActionMask = 2147483647;
			files = (
			);
			runOnlyForDeploymentPostprocessing = 0;
		};
/* End PBXResourcesBuildPhase section */

/* Begin PBXSourcesBuildPhase section */
		6A3A90C8250FB65400C5875F /* Sources */ = {
			isa = PBXSourcesBuildPhase;
			buildActionMask = 2147483647;
			files = (
				6A3A90D4250FB65400C5875F /* ViewController.swift in Sources */,
				6A3A90D0250FB65400C5875F /* AppDelegate.swift in Sources */,
				6A3A90D2250FB65400C5875F /* SceneDelegate.swift in Sources */,
			);
			runOnlyForDeploymentPostprocessing = 0;
		};
		6A3A90DE250FB65600C5875F /* Sources */ = {
			isa = PBXSourcesBuildPhase;
			buildActionMask = 2147483647;
			files = (
				6A3A90E7250FB65600C5875F /* tipCalculatorTests.swift in Sources */,
			);
			runOnlyForDeploymentPostprocessing = 0;
		};
		6A3A90E9250FB65600C5875F /* Sources */ = {
			isa = PBXSourcesBuildPhase;
			buildActionMask = 2147483647;
			files = (
				6A3A90F2250FB65600C5875F /* tipCalculatorUITests.swift in Sources */,
			);
			runOnlyForDeploymentPostprocessing = 0;
		};
/* End PBXSourcesBuildPhase section */

/* Begin PBXTargetDependency section */
		6A3A90E4250FB65600C5875F /* PBXTargetDependency */ = {
			isa = PBXTargetDependency;
			target = 6A3A90CB250FB65400C5875F /* tipCalculator */;
			targetProxy = 6A3A90E3250FB65600C5875F /* PBXContainerItemProxy */;
		};
		6A3A90EF250FB65600C5875F /* PBXTargetDependency */ = {
			isa = PBXTargetDependency;
			target = 6A3A90CB250FB65400C5875F /* tipCalculator */;
			targetProxy = 6A3A90EE250FB65600C5875F /* PBXContainerItemProxy */;
		};
/* End PBXTargetDependency section */

/* Begin PBXVariantGroup section */
		6A3A90D5250FB65400C5875F /* Main.storyboard */ = {
			isa = PBXVariantGroup;
			children = (
				6A3A90D6250FB65400C5875F /* Base */,
			);
			name = Main.storyboard;
			sourceTree = "<group>";
		};
		6A3A90DA250FB65600C5875F /* LaunchScreen.storyboard */ = {
			isa = PBXVariantGroup;
			children = (
				6A3A90DB250FB65600C5875F /* Base */,
			);
			name = LaunchScreen.storyboard;
			sourceTree = "<group>";
		};
/* End PBXVariantGroup section */

/* Begin XCBuildConfiguration section */
		6A3A90F4250FB65600C5875F /* Debug */ = {
			isa = XCBuildConfiguration;
			buildSettings = {
				ALWAYS_SEARCH_USER_PATHS = NO;
				CLANG_ANALYZER_NONNULL = YES;
				CLANG_ANALYZER_NUMBER_OBJECT_CONVERSION = YES_AGGRESSIVE;
				CLANG_CXX_LANGUAGE_STANDARD = "gnu++14";
				CLANG_CXX_LIBRARY = "libc++";
				CLANG_ENABLE_MODULES = YES;
				CLANG_ENABLE_OBJC_ARC = YES;
				CLANG_ENABLE_OBJC_WEAK = YES;
				CLANG_WARN_BLOCK_CAPTURE_AUTORELEASING = YES;
				CLANG_WARN_BOOL_CONVERSION = YES;
				CLANG_WARN_COMMA = YES;
				CLANG_WARN_CONSTANT_CONVERSION = YES;
				CLANG_WARN_DEPRECATED_OBJC_IMPLEMENTATIONS = YES;
				CLANG_WARN_DIRECT_OBJC_ISA_USAGE = YES_ERROR;
				CLANG_WARN_DOCUMENTATION_COMMENTS = YES;
				CLANG_WARN_EMPTY_BODY = YES;
				CLANG_WARN_ENUM_CONVERSION = YES;
				CLANG_WARN_INFINITE_RECURSION = YES;
				CLANG_WARN_INT_CONVERSION = YES;
				CLANG_WARN_NON_LITERAL_NULL_CONVERSION = YES;
				CLANG_WARN_OBJC_IMPLICIT_RETAIN_SELF = YES;
				CLANG_WARN_OBJC_LITERAL_CONVERSION = YES;
				CLANG_WARN_OBJC_ROOT_CLASS = YES_ERROR;
				CLANG_WARN_RANGE_LOOP_ANALYSIS = YES;
				CLANG_WARN_STRICT_PROTOTYPES = YES;
				CLANG_WARN_SUSPICIOUS_MOVE = YES;
				CLANG_WARN_UNGUARDED_AVAILABILITY = YES_AGGRESSIVE;
				CLANG_WARN_UNREACHABLE_CODE = YES;
				CLANG_WARN__DUPLICATE_METHOD_MATCH = YES;
				COPY_PHASE_STRIP = NO;
				DEBUG_INFORMATION_FORMAT = dwarf;
				ENABLE_STRICT_OBJC_MSGSEND = YES;
				ENABLE_TESTABILITY = YES;
				GCC_C_LANGUAGE_STANDARD = gnu11;
				GCC_DYNAMIC_NO_PIC = NO;
				GCC_NO_COMMON_BLOCKS = YES;
				GCC_OPTIMIZATION_LEVEL = 0;
				GCC_PREPROCESSOR_DEFINITIONS = (
					"DEBUG=1",
					"$(inherited)",
				);
				GCC_WARN_64_TO_32_BIT_CONVERSION = YES;
				GCC_WARN_ABOUT_RETURN_TYPE = YES_ERROR;
				GCC_WARN_UNDECLARED_SELECTOR = YES;
				GCC_WARN_UNINITIALIZED_AUTOS = YES_AGGRESSIVE;
				GCC_WARN_UNUSED_FUNCTION = YES;
				GCC_WARN_UNUSED_VARIABLE = YES;
				IPHONEOS_DEPLOYMENT_TARGET = 13.2;
				MTL_ENABLE_DEBUG_INFO = INCLUDE_SOURCE;
				MTL_FAST_MATH = YES;
				ONLY_ACTIVE_ARCH = YES;
				SDKROOT = iphoneos;
				SWIFT_ACTIVE_COMPILATION_CONDITIONS = DEBUG;
				SWIFT_OPTIMIZATION_LEVEL = "-Onone";
			};
			name = Debug;
		};
		6A3A90F5250FB65600C5875F /* Release */ = {
			isa = XCBuildConfiguration;
			buildSettings = {
				ALWAYS_SEARCH_USER_PATHS = NO;
				CLANG_ANALYZER_NONNULL = YES;
				CLANG_ANALYZER_NUMBER_OBJECT_CONVERSION = YES_AGGRESSIVE;
				CLANG_CXX_LANGUAGE_STANDARD = "gnu++14";
				CLANG_CXX_LIBRARY = "libc++";
				CLANG_ENABLE_MODULES = YES;
				CLANG_ENABLE_OBJC_ARC = YES;
				CLANG_ENABLE_OBJC_WEAK = YES;
				CLANG_WARN_BLOCK_CAPTURE_AUTORELEASING = YES;
				CLANG_WARN_BOOL_CONVERSION = YES;
				CLANG_WARN_COMMA = YES;
				CLANG_WARN_CONSTANT_CONVERSION = YES;
				CLANG_WARN_DEPRECATED_OBJC_IMPLEMENTATIONS = YES;
				CLANG_WARN_DIRECT_OBJC_ISA_USAGE = YES_ERROR;
				CLANG_WARN_DOCUMENTATION_COMMENTS = YES;
				CLANG_WARN_EMPTY_BODY = YES;
				CLANG_WARN_ENUM_CONVERSION = YES;
				CLANG_WARN_INFINITE_RECURSION = YES;
				CLANG_WARN_INT_CONVERSION = YES;
				CLANG_WARN_NON_LITERAL_NULL_CONVERSION = YES;
				CLANG_WARN_OBJC_IMPLICIT_RETAIN_SELF = YES;
				CLANG_WARN_OBJC_LITERAL_CONVERSION = YES;
				CLANG_WARN_OBJC_ROOT_CLASS = YES_ERROR;
				CLANG_WARN_RANGE_LOOP_ANALYSIS = YES;
				CLANG_WARN_STRICT_PROTOTYPES = YES;
				CLANG_WARN_SUSPICIOUS_MOVE = YES;
				CLANG_WARN_UNGUARDED_AVAILABILITY = YES_AGGRESSIVE;
				CLANG_WARN_UNREACHABLE_CODE = YES;
				CLANG_WARN__DUPLICATE_METHOD_MATCH = YES;
				COPY_PHASE_STRIP = NO;
				DEBUG_INFORMATION_FORMAT = "dwarf-with-dsym";
				ENABLE_NS_ASSERTIONS = NO;
				ENABLE_STRICT_OBJC_MSGSEND = YES;
				GCC_C_LANGUAGE_STANDARD = gnu11;
				GCC_NO_COMMON_BLOCKS = YES;
				GCC_WARN_64_TO_32_BIT_CONVERSION = YES;
				GCC_WARN_ABOUT_RETURN_TYPE = YES_ERROR;
				GCC_WARN_UNDECLARED_SELECTOR = YES;
				GCC_WARN_UNINITIALIZED_AUTOS = YES_AGGRESSIVE;
				GCC_WARN_UNUSED_FUNCTION = YES;
				GCC_WARN_UNUSED_VARIABLE = YES;
				IPHONEOS_DEPLOYMENT_TARGET = 13.2;
				MTL_ENABLE_DEBUG_INFO = NO;
				MTL_FAST_MATH = YES;
				SDKROOT = iphoneos;
				SWIFT_COMPILATION_MODE = wholemodule;
				SWIFT_OPTIMIZATION_LEVEL = "-O";
				VALIDATE_PRODUCT = YES;
			};
			name = Release;
		};
		6A3A90F7250FB65600C5875F /* Debug */ = {
			isa = XCBuildConfiguration;
			buildSettings = {
				ASSETCATALOG_COMPILER_APPICON_NAME = AppIcon;
				CODE_SIGN_STYLE = Automatic;
				INFOPLIST_FILE = tipCalculator/Info.plist;
				LD_RUNPATH_SEARCH_PATHS = (
					"$(inherited)",
					"@executable_path/Frameworks",
				);
				PRODUCT_BUNDLE_IDENTIFIER = com.codepath.tipCalculator;
				PRODUCT_NAME = "$(TARGET_NAME)";
				SWIFT_VERSION = 5.0;
				TARGETED_DEVICE_FAMILY = "1,2";
			};
			name = Debug;
		};
		6A3A90F8250FB65600C5875F /* Release */ = {
			isa = XCBuildConfiguration;
			buildSettings = {
				ASSETCATALOG_COMPILER_APPICON_NAME = AppIcon;
				CODE_SIGN_STYLE = Automatic;
				INFOPLIST_FILE = tipCalculator/Info.plist;
				LD_RUNPATH_SEARCH_PATHS = (
					"$(inherited)",
					"@executable_path/Frameworks",
				);
				PRODUCT_BUNDLE_IDENTIFIER = com.codepath.tipCalculator;
				PRODUCT_NAME = "$(TARGET_NAME)";
				SWIFT_VERSION = 5.0;
				TARGETED_DEVICE_FAMILY = "1,2";
			};
			name = Release;
		};
		6A3A90FA250FB65600C5875F /* Debug */ = {
			isa = XCBuildConfiguration;
			buildSettings = {
				ALWAYS_EMBED_SWIFT_STANDARD_LIBRARIES = YES;
				BUNDLE_LOADER = "$(TEST_HOST)";
				CODE_SIGN_STYLE = Automatic;
				INFOPLIST_FILE = tipCalculatorTests/Info.plist;
				IPHONEOS_DEPLOYMENT_TARGET = 13.2;
				LD_RUNPATH_SEARCH_PATHS = (
					"$(inherited)",
					"@executable_path/Frameworks",
					"@loader_path/Frameworks",
				);
				PRODUCT_BUNDLE_IDENTIFIER = com.codepath.tipCalculatorTests;
				PRODUCT_NAME = "$(TARGET_NAME)";
				SWIFT_VERSION = 5.0;
				TARGETED_DEVICE_FAMILY = "1,2";
				TEST_HOST = "$(BUILT_PRODUCTS_DIR)/tipCalculator.app/tipCalculator";
			};
			name = Debug;
		};
		6A3A90FB250FB65600C5875F /* Release */ = {
			isa = XCBuildConfiguration;
			buildSettings = {
				ALWAYS_EMBED_SWIFT_STANDARD_LIBRARIES = YES;
				BUNDLE_LOADER = "$(TEST_HOST)";
				CODE_SIGN_STYLE = Automatic;
				INFOPLIST_FILE = tipCalculatorTests/Info.plist;
				IPHONEOS_DEPLOYMENT_TARGET = 13.2;
				LD_RUNPATH_SEARCH_PATHS = (
					"$(inherited)",
					"@executable_path/Frameworks",
					"@loader_path/Frameworks",
				);
				PRODUCT_BUNDLE_IDENTIFIER = com.codepath.tipCalculatorTests;
				PRODUCT_NAME = "$(TARGET_NAME)";
				SWIFT_VERSION = 5.0;
				TARGETED_DEVICE_FAMILY = "1,2";
				TEST_HOST = "$(BUILT_PRODUCTS_DIR)/tipCalculator.app/tipCalculator";
			};
			name = Release;
		};
		6A3A90FD250FB65600C5875F /* Debug */ = {
			isa = XCBuildConfiguration;
			buildSettings = {
				ALWAYS_EMBED_SWIFT_STANDARD_LIBRARIES = YES;
				CODE_SIGN_STYLE = Automatic;
				INFOPLIST_FILE = tipCalculatorUITests/Info.plist;
				LD_RUNPATH_SEARCH_PATHS = (
					"$(inherited)",
					"@executable_path/Frameworks",
					"@loader_path/Frameworks",
				);
				PRODUCT_BUNDLE_IDENTIFIER = com.codepath.tipCalculatorUITests;
				PRODUCT_NAME = "$(TARGET_NAME)";
				SWIFT_VERSION = 5.0;
				TARGETED_DEVICE_FAMILY = "1,2";
				TEST_TARGET_NAME = tipCalculator;
			};
			name = Debug;
		};
		6A3A90FE250FB65600C5875F /* Release */ = {
			isa = XCBuildConfiguration;
			buildSettings = {
				ALWAYS_EMBED_SWIFT_STANDARD_LIBRARIES = YES;
				CODE_SIGN_STYLE = Automatic;
				INFOPLIST_FILE = tipCalculatorUITests/Info.plist;
				LD_RUNPATH_SEARCH_PATHS = (
					"$(inherited)",
					"@executable_path/Frameworks",
					"@loader_path/Frameworks",
				);
				PRODUCT_BUNDLE_IDENTIFIER = com.codepath.tipCalculatorUITests;
				PRODUCT_NAME = "$(TARGET_NAME)";
				SWIFT_VERSION = 5.0;
				TARGETED_DEVICE_FAMILY = "1,2";
				TEST_TARGET_NAME = tipCalculator;
			};
			name = Release;
		};
/* End XCBuildConfiguration section */

/* Begin XCConfigurationList section */
		6A3A90C7250FB65300C5875F /* Build configuration list for PBXProject "tipCalculator" */ = {
			isa = XCConfigurationList;
			buildConfigurations = (
				6A3A90F4250FB65600C5875F /* Debug */,
				6A3A90F5250FB65600C5875F /* Release */,
			);
			defaultConfigurationIsVisible = 0;
			defaultConfigurationName = Release;
		};
		6A3A90F6250FB65600C5875F /* Build configuration list for PBXNativeTarget "tipCalculator" */ = {
			isa = XCConfigurationList;
			buildConfigurations = (
				6A3A90F7250FB65600C5875F /* Debug */,
				6A3A90F8250FB65600C5875F /* Release */,
			);
			defaultConfigurationIsVisible = 0;
			defaultConfigurationName = Release;
		};
		6A3A90F9250FB65600C5875F /* Build configuration list for PBXNativeTarget "tipCalculatorTests" */ = {
			isa = XCConfigurationList;
			buildConfigurations = (
				6A3A90FA250FB65600C5875F /* Debug */,
				6A3A90FB250FB65600C5875F /* Release */,
			);
			defaultConfigurationIsVisible = 0;
			defaultConfigurationName = Release;
		};
		6A3A90FC250FB65600C5875F /* Build configuration list for PBXNativeTarget "tipCalculatorUITests" */ = {
			isa = XCConfigurationList;
			buildConfigurations = (
				6A3A90FD250FB65600C5875F /* Debug */,
				6A3A90FE250FB65600C5875F /* Release */,
			);
			defaultConfigurationIsVisible = 0;
			defaultConfigurationName = Release;
		};
/* End XCConfigurationList section */
	};
	rootObject = 6A3A90C4250FB65300C5875F /* Project object */;
}
